
Microsoft Visual Studio Solution File, Format Version 10.00
# Visual Studio 2008
Project("{FAE04EC0-301F-11D3-BF4B-00C04F79EFBC}") = "UberStrike.Core.Models", "UberClient_v4-3-10_UberStrike.Core.Models.csproj", "{915F44E0-3E66-41E0-8C8A-01D75D3F7A2C}"
EndProject
Global
	GlobalSection(SolutionConfigurationPlatforms) = preSolution
		Debug|Any CPU = Debug|Any CPU
		Release|Any CPU = Release|Any CPU
	EndGlobalSection
	GlobalSection(ProjectConfigurationPlatforms) = postSolution
		{915F44E0-3E66-41E0-8C8A-01D75D3F7A2C}.Debug|Any CPU.ActiveCfg = Debug|Any CPU
		{915F44E0-3E66-41E0-8C8A-01D75D3F7A2C}.Debug|Any CPU.Build.0 = Debug|Any CPU
		{915F44E0-3E66-41E0-8C8A-01D75D3F7A2C}.Release|Any CPU.ActiveCfg = Release|Any CPU
		{915F44E0-3E66-41E0-8C8A-01D75D3F7A2C}.Release|Any CPU.Build.0 = Release|Any CPU
	EndGlobalSection
	GlobalSection(SolutionProperties) = preSolution
		HideSolutionNode = FALSE
	EndGlobalSection
EndGlobal
